
Microsoft Visual Studio Solution File, Format Version 12.00
# Visual Studio 2013
VisualStudioVersion = 12.0.40629.0
MinimumVisualStudioVersion = 10.0.40219.1
Project("{FAE04EC0-301F-11D3-BF4B-00C04F79EFBC}") = "HostsEditor", "HostsEditor\HostsEditor.csproj", "{F5561A11-CF76-4491-83D1-0A47FBC26B55}"
EndProject
Project("{FAE04EC0-301F-11D3-BF4B-00C04F79EFBC}") = "HostEditor.Test", "HostEditor.Test\HostEditor.Test.csproj", "{FF7B3F8C-9386-4FC2-B539-D4264FDF32B2}"
EndProject
Global
	GlobalSection(SubversionScc) = preSolution
		Svn-Managed = True
		Manager = AnkhSVN - Subversion Support for Visual Studio
	EndGlobalSection
	GlobalSection(SolutionConfigurationPlatforms) = preSolution
		Debug|Any CPU = Debug|Any CPU
		Release|Any CPU = Release|Any CPU
	EndGlobalSection
	GlobalSection(ProjectConfigurationPlatforms) = postSolution
		{F5561A11-CF76-4491-83D1-0A47FBC26B55}.Debug|Any CPU.ActiveCfg = Debug|Any CPU
		{F5561A11-CF76-4491-83D1-0A47FBC26B55}.Debug|Any CPU.Build.0 = Debug|Any CPU
		{F5561A11-CF76-4491-83D1-0A47FBC26B55}.Release|Any CPU.ActiveCfg = Release|Any CPU
		{F5561A11-CF76-4491-83D1-0A47FBC26B55}.Release|Any CPU.Build.0 = Release|Any CPU
		{FF7B3F8C-9386-4FC2-B539-D4264FDF32B2}.Debug|Any CPU.ActiveCfg = Debug|Any CPU
		{FF7B3F8C-9386-4FC2-B539-D4264FDF32B2}.Debug|Any CPU.Build.0 = Debug|Any CPU
		{FF7B3F8C-9386-4FC2-B539-D4264FDF32B2}.Release|Any CPU.ActiveCfg = Release|Any CPU
		{FF7B3F8C-9386-4FC2-B539-D4264FDF32B2}.Release|Any CPU.Build.0 = Release|Any CPU
	EndGlobalSection
	GlobalSection(SolutionProperties) = preSolution
		HideSolutionNode = FALSE
	EndGlobalSection
EndGlobal
